
Microsoft Visual Studio Solution File, Format Version 12.00
# Visual Studio 15
VisualStudioVersion = 15.0.28307.136
MinimumVisualStudioVersion = 10.0.40219.1
Project("{FAE04EC0-301F-11D3-BF4B-00C04F79EFBC}") = "kmong Survey Project2", "kmong Survey Project2\kmong Survey Project2.csproj", "{4F6767F0-602C-49E2-B6EE-7171D4D08465}"
EndProject
Global
	GlobalSection(SolutionConfigurationPlatforms) = preSolution
		Debug|Any CPU = Debug|Any CPU
		Release|Any CPU = Release|Any CPU
	EndGlobalSection
	GlobalSection(ProjectConfigurationPlatforms) = postSolution
		{4F6767F0-602C-49E2-B6EE-7171D4D08465}.Debug|Any CPU.ActiveCfg = Debug|Any CPU
		{4F6767F0-602C-49E2-B6EE-7171D4D08465}.Debug|Any CPU.Build.0 = Debug|Any CPU
		{4F6767F0-602C-49E2-B6EE-7171D4D08465}.Release|Any CPU.ActiveCfg = Release|Any CPU
		{4F6767F0-602C-49E2-B6EE-7171D4D08465}.Release|Any CPU.Build.0 = Release|Any CPU
	EndGlobalSection
	GlobalSection(SolutionProperties) = preSolution
		HideSolutionNode = FALSE
	EndGlobalSection
	GlobalSection(ExtensibilityGlobals) = postSolution
		SolutionGuid = {4BB2F814-31F4-4D1F-BFD4-79ECEA2CAE06}
	EndGlobalSection
EndGlobal
